
Microsoft Visual Studio Solution File, Format Version 12.00
# Visual Studio Version 17
VisualStudioVersion = 17.6.33712.159
MinimumVisualStudioVersion = 10.0.40219.1
Project("{9A19103F-16F7-4668-BE54-9A1E7A4F7556}") = "Greet Me", "Greet Me\Greet Me.csproj", "{8C22BA5F-ED98-4769-AFDA-73344F91A8B9}"
EndProject
Project("{9A19103F-16F7-4668-BE54-9A1E7A4F7556}") = "Growth of a Population", "Growth of a Population\Growth of a Population.csproj", "{E6C73E08-E71F-4B0C-9F98-FB7EEE83D85F}"
EndProject
Project("{9A19103F-16F7-4668-BE54-9A1E7A4F7556}") = "Multiplication table", "Multiplication table\Multiplication table.csproj", "{5617880E-A388-4717-AAB9-0FE69F95DA9B}"
EndProject
Project("{9A19103F-16F7-4668-BE54-9A1E7A4F7556}") = "Reverse List Order", "Reverse List Order\Reverse List Order.csproj", "{A99DF160-FCC4-401B-A0C5-142D2A2A48BC}"
EndProject
Project("{9A19103F-16F7-4668-BE54-9A1E7A4F7556}") = "Regex count lowercase letters", "Regex count lowercase letters\Regex count lowercase letters.csproj", "{3113D7BE-BC3E-45B6-818C-F7F5FA44656C}"
EndProject
Project("{9A19103F-16F7-4668-BE54-9A1E7A4F7556}") = "USD - CNY", "USD - CNY\USD - CNY.csproj", "{8BD5727B-5F9D-4718-8FD3-28C2C068B9CF}"
EndProject
Project("{9A19103F-16F7-4668-BE54-9A1E7A4F7556}") = "Bumps in the Road", "Bumps in the Road\Bumps in the Road.csproj", "{D2625E0A-252F-4CB8-A298-95959A54C52C}"
EndProject
Project("{9A19103F-16F7-4668-BE54-9A1E7A4F7556}") = "Sum without highest and lowest number", "Sum without highest and lowest number\Sum without highest and lowest number.csproj", "{D7C448EB-4CAB-4DE8-8682-0EEA6FC23952}"
EndProject
Project("{9A19103F-16F7-4668-BE54-9A1E7A4F7556}") = "Define a card suit", "Define a card suit\Define a card suit.csproj", "{D6D2DE61-4735-4D3A-91AA-C8F01F31E750}"
EndProject
Project("{9A19103F-16F7-4668-BE54-9A1E7A4F7556}") = "Sum of numbers from 0 to N", "Sum of numbers from 0 to N\Sum of numbers from 0 to N.csproj", "{6CC8F714-961D-4EFE-8D5F-C04ECE9BC71F}"
EndProject
Project("{9A19103F-16F7-4668-BE54-9A1E7A4F7556}") = "FormattingDecimalPlaces#0", "FormattingDecimalPlaces#0\FormattingDecimalPlaces#0.csproj", "{3D857C77-59BE-4330-9F2E-DD65CEFA6E81}"
EndProject
Project("{9A19103F-16F7-4668-BE54-9A1E7A4F7556}") = "HowOldWillIBeIn2099", "HowOldWillIBeIn2099\HowOldWillIBeIn2099.csproj", "{2021890D-C782-4759-B39F-EE545156D7A7}"
EndProject
Project("{9A19103F-16F7-4668-BE54-9A1E7A4F7556}") = "EnumerableMagic#25", "EnumerableMagic#25\EnumerableMagic#25.csproj", "{43885772-F0A8-4A46-9CB5-515D2BD4EB80}"
EndProject
Project("{9A19103F-16F7-4668-BE54-9A1E7A4F7556}") = "KeepHydrated!", "KeepHydrated!\KeepHydrated!.csproj", "{27C2B5BA-667E-4198-B342-9C9AA6EE5412}"
EndProject
Project("{9A19103F-16F7-4668-BE54-9A1E7A4F7556}") = "No oddities here", "No oddities here\No oddities here.csproj", "{2C583517-C2CF-40A0-BCF0-2FD8E8002206}"
EndProject
Project("{9A19103F-16F7-4668-BE54-9A1E7A4F7556}") = "Predict your age!", "Predict your age!\Predict your age!.csproj", "{AB9044D8-23A4-48AD-9E81-F26073B0F84F}"
EndProject
Project("{9A19103F-16F7-4668-BE54-9A1E7A4F7556}") = "Find out whether the shape is a cube", "Find out whether the shape is a cube\Find out whether the shape is a cube.csproj", "{A01EF538-680E-47F3-B7B6-679AC1ACA3BE}"
EndProject
Project("{9A19103F-16F7-4668-BE54-9A1E7A4F7556}") = "Alphabet war", "Alphabet war\Alphabet war.csproj", "{9EAA1388-16F0-4F62-B722-47AD274C9511}"
EndProject
Project("{9A19103F-16F7-4668-BE54-9A1E7A4F7556}") = "Convert a string to an array", "Convert a string to an array\Convert a string to an array.csproj", "{86436C43-8343-4555-BADA-B516AC333784}"
EndProject
Project("{FAE04EC0-301F-11D3-BF4B-00C04F79EFBC}") = "Grasshopper", "Grasshopper\Grasshopper.csproj", "{E400F8FD-383A-425C-9EC9-B1D48943C8BB}"
EndProject
Global
	GlobalSection(SolutionConfigurationPlatforms) = preSolution
		Debug|Any CPU = Debug|Any CPU
		Release|Any CPU = Release|Any CPU
	EndGlobalSection
	GlobalSection(ProjectConfigurationPlatforms) = postSolution
		{8C22BA5F-ED98-4769-AFDA-73344F91A8B9}.Debug|Any CPU.ActiveCfg = Debug|Any CPU
		{8C22BA5F-ED98-4769-AFDA-73344F91A8B9}.Debug|Any CPU.Build.0 = Debug|Any CPU
		{8C22BA5F-ED98-4769-AFDA-73344F91A8B9}.Release|Any CPU.ActiveCfg = Release|Any CPU
		{8C22BA5F-ED98-4769-AFDA-73344F91A8B9}.Release|Any CPU.Build.0 = Release|Any CPU
		{E6C73E08-E71F-4B0C-9F98-FB7EEE83D85F}.Debug|Any CPU.ActiveCfg = Debug|Any CPU
		{E6C73E08-E71F-4B0C-9F98-FB7EEE83D85F}.Debug|Any CPU.Build.0 = Debug|Any CPU
		{E6C73E08-E71F-4B0C-9F98-FB7EEE83D85F}.Release|Any CPU.ActiveCfg = Release|Any CPU
		{E6C73E08-E71F-4B0C-9F98-FB7EEE83D85F}.Release|Any CPU.Build.0 = Release|Any CPU
		{5617880E-A388-4717-AAB9-0FE69F95DA9B}.Debug|Any CPU.ActiveCfg = Debug|Any CPU
		{5617880E-A388-4717-AAB9-0FE69F95DA9B}.Debug|Any CPU.Build.0 = Debug|Any CPU
		{5617880E-A388-4717-AAB9-0FE69F95DA9B}.Release|Any CPU.ActiveCfg = Release|Any CPU
		{5617880E-A388-4717-AAB9-0FE69F95DA9B}.Release|Any CPU.Build.0 = Release|Any CPU
		{A99DF160-FCC4-401B-A0C5-142D2A2A48BC}.Debug|Any CPU.ActiveCfg = Debug|Any CPU
		{A99DF160-FCC4-401B-A0C5-142D2A2A48BC}.Debug|Any CPU.Build.0 = Debug|Any CPU
		{A99DF160-FCC4-401B-A0C5-142D2A2A48BC}.Release|Any CPU.ActiveCfg = Release|Any CPU
		{A99DF160-FCC4-401B-A0C5-142D2A2A48BC}.Release|Any CPU.Build.0 = Release|Any CPU
		{3113D7BE-BC3E-45B6-818C-F7F5FA44656C}.Debug|Any CPU.ActiveCfg = Debug|Any CPU
		{3113D7BE-BC3E-45B6-818C-F7F5FA44656C}.Debug|Any CPU.Build.0 = Debug|Any CPU
		{3113D7BE-BC3E-45B6-818C-F7F5FA44656C}.Release|Any CPU.ActiveCfg = Release|Any CPU
		{3113D7BE-BC3E-45B6-818C-F7F5FA44656C}.Release|Any CPU.Build.0 = Release|Any CPU
		{8BD5727B-5F9D-4718-8FD3-28C2C068B9CF}.Debug|Any CPU.ActiveCfg = Debug|Any CPU
		{8BD5727B-5F9D-4718-8FD3-28C2C068B9CF}.Debug|Any CPU.Build.0 = Debug|Any CPU
		{8BD5727B-5F9D-4718-8FD3-28C2C068B9CF}.Release|Any CPU.ActiveCfg = Release|Any CPU
		{8BD5727B-5F9D-4718-8FD3-28C2C068B9CF}.Release|Any CPU.Build.0 = Release|Any CPU
		{D2625E0A-252F-4CB8-A298-95959A54C52C}.Debug|Any CPU.ActiveCfg = Debug|Any CPU
		{D2625E0A-252F-4CB8-A298-95959A54C52C}.Debug|Any CPU.Build.0 = Debug|Any CPU
		{D2625E0A-252F-4CB8-A298-95959A54C52C}.Release|Any CPU.ActiveCfg = Release|Any CPU
		{D2625E0A-252F-4CB8-A298-95959A54C52C}.Release|Any CPU.Build.0 = Release|Any CPU
		{D7C448EB-4CAB-4DE8-8682-0EEA6FC23952}.Debug|Any CPU.ActiveCfg = Debug|Any CPU
		{D7C448EB-4CAB-4DE8-8682-0EEA6FC23952}.Debug|Any CPU.Build.0 = Debug|Any CPU
		{D7C448EB-4CAB-4DE8-8682-0EEA6FC23952}.Release|Any CPU.ActiveCfg = Release|Any CPU
		{D7C448EB-4CAB-4DE8-8682-0EEA6FC23952}.Release|Any CPU.Build.0 = Release|Any CPU
		{D6D2DE61-4735-4D3A-91AA-C8F01F31E750}.Debug|Any CPU.ActiveCfg = Debug|Any CPU
		{D6D2DE61-4735-4D3A-91AA-C8F01F31E750}.Debug|Any CPU.Build.0 = Debug|Any CPU
		{D6D2DE61-4735-4D3A-91AA-C8F01F31E750}.Release|Any CPU.ActiveCfg = Release|Any CPU
		{D6D2DE61-4735-4D3A-91AA-C8F01F31E750}.Release|Any CPU.Build.0 = Release|Any CPU
		{6CC8F714-961D-4EFE-8D5F-C04ECE9BC71F}.Debug|Any CPU.ActiveCfg = Debug|Any CPU
		{6CC8F714-961D-4EFE-8D5F-C04ECE9BC71F}.Debug|Any CPU.Build.0 = Debug|Any CPU
		{6CC8F714-961D-4EFE-8D5F-C04ECE9BC71F}.Release|Any CPU.ActiveCfg = Release|Any CPU
		{6CC8F714-961D-4EFE-8D5F-C04ECE9BC71F}.Release|Any CPU.Build.0 = Release|Any CPU
		{3D857C77-59BE-4330-9F2E-DD65CEFA6E81}.Debug|Any CPU.ActiveCfg = Debug|Any CPU
		{3D857C77-59BE-4330-9F2E-DD65CEFA6E81}.Debug|Any CPU.Build.0 = Debug|Any CPU
		{3D857C77-59BE-4330-9F2E-DD65CEFA6E81}.Release|Any CPU.ActiveCfg = Release|Any CPU
		{3D857C77-59BE-4330-9F2E-DD65CEFA6E81}.Release|Any CPU.Build.0 = Release|Any CPU
		{2021890D-C782-4759-B39F-EE545156D7A7}.Debug|Any CPU.ActiveCfg = Debug|Any CPU
		{2021890D-C782-4759-B39F-EE545156D7A7}.Debug|Any CPU.Build.0 = Debug|Any CPU
		{2021890D-C782-4759-B39F-EE545156D7A7}.Release|Any CPU.ActiveCfg = Release|Any CPU
		{2021890D-C782-4759-B39F-EE545156D7A7}.Release|Any CPU.Build.0 = Release|Any CPU
		{43885772-F0A8-4A46-9CB5-515D2BD4EB80}.Debug|Any CPU.ActiveCfg = Debug|Any CPU
		{43885772-F0A8-4A46-9CB5-515D2BD4EB80}.Debug|Any CPU.Build.0 = Debug|Any CPU
		{43885772-F0A8-4A46-9CB5-515D2BD4EB80}.Release|Any CPU.ActiveCfg = Release|Any CPU
		{43885772-F0A8-4A46-9CB5-515D2BD4EB80}.Release|Any CPU.Build.0 = Release|Any CPU
		{27C2B5BA-667E-4198-B342-9C9AA6EE5412}.Debug|Any CPU.ActiveCfg = Debug|Any CPU
		{27C2B5BA-667E-4198-B342-9C9AA6EE5412}.Debug|Any CPU.Build.0 = Debug|Any CPU
		{27C2B5BA-667E-4198-B342-9C9AA6EE5412}.Release|Any CPU.ActiveCfg = Release|Any CPU
		{27C2B5BA-667E-4198-B342-9C9AA6EE5412}.Release|Any CPU.Build.0 = Release|Any CPU
		{2C583517-C2CF-40A0-BCF0-2FD8E8002206}.Debug|Any CPU.ActiveCfg = Debug|Any CPU
		{2C583517-C2CF-40A0-BCF0-2FD8E8002206}.Debug|Any CPU.Build.0 = Debug|Any CPU
		{2C583517-C2CF-40A0-BCF0-2FD8E8002206}.Release|Any CPU.ActiveCfg = Release|Any CPU
		{2C583517-C2CF-40A0-BCF0-2FD8E8002206}.Release|Any CPU.Build.0 = Release|Any CPU
		{AB9044D8-23A4-48AD-9E81-F26073B0F84F}.Debug|Any CPU.ActiveCfg = Debug|Any CPU
		{AB9044D8-23A4-48AD-9E81-F26073B0F84F}.Debug|Any CPU.Build.0 = Debug|Any CPU
		{AB9044D8-23A4-48AD-9E81-F26073B0F84F}.Release|Any CPU.ActiveCfg = Release|Any CPU
		{AB9044D8-23A4-48AD-9E81-F26073B0F84F}.Release|Any CPU.Build.0 = Release|Any CPU
		{A01EF538-680E-47F3-B7B6-679AC1ACA3BE}.Debug|Any CPU.ActiveCfg = Debug|Any CPU
		{A01EF538-680E-47F3-B7B6-679AC1ACA3BE}.Debug|Any CPU.Build.0 = Debug|Any CPU
		{A01EF538-680E-47F3-B7B6-679AC1ACA3BE}.Release|Any CPU.ActiveCfg = Release|Any CPU
		{A01EF538-680E-47F3-B7B6-679AC1ACA3BE}.Release|Any CPU.Build.0 = Release|Any CPU
		{9EAA1388-16F0-4F62-B722-47AD274C9511}.Debug|Any CPU.ActiveCfg = Debug|Any CPU
		{9EAA1388-16F0-4F62-B722-47AD274C9511}.Debug|Any CPU.Build.0 = Debug|Any CPU
		{9EAA1388-16F0-4F62-B722-47AD274C9511}.Release|Any CPU.ActiveCfg = Release|Any CPU
		{9EAA1388-16F0-4F62-B722-47AD274C9511}.Release|Any CPU.Build.0 = Release|Any CPU
		{86436C43-8343-4555-BADA-B516AC333784}.Debug|Any CPU.ActiveCfg = Debug|Any CPU
		{86436C43-8343-4555-BADA-B516AC333784}.Debug|Any CPU.Build.0 = Debug|Any CPU
		{86436C43-8343-4555-BADA-B516AC333784}.Release|Any CPU.ActiveCfg = Release|Any CPU
		{86436C43-8343-4555-BADA-B516AC333784}.Release|Any CPU.Build.0 = Release|Any CPU
		{E400F8FD-383A-425C-9EC9-B1D48943C8BB}.Debug|Any CPU.ActiveCfg = Debug|Any CPU
		{E400F8FD-383A-425C-9EC9-B1D48943C8BB}.Debug|Any CPU.Build.0 = Debug|Any CPU
		{E400F8FD-383A-425C-9EC9-B1D48943C8BB}.Release|Any CPU.ActiveCfg = Release|Any CPU
		{E400F8FD-383A-425C-9EC9-B1D48943C8BB}.Release|Any CPU.Build.0 = Release|Any CPU
	EndGlobalSection
	GlobalSection(SolutionProperties) = preSolution
		HideSolutionNode = FALSE
	EndGlobalSection
	GlobalSection(ExtensibilityGlobals) = postSolution
		SolutionGuid = {5D64C17B-C955-4D5D-A8BB-270558433BDA}
	EndGlobalSection
EndGlobal
